Microsoft Visual Studio Solution File, Format Version 12.00
# Visual Studio 15
Project("{FAE04EC0-301F-11D3-BF4B-00C04F79EFBC}") = "MyWebApp", "MyWebApp.csproj", "{PROJECT1_GUID}"
EndProject
Global
	GlobalSection(SolutionConfigurationPlatforms) = preSolution
		Debug|Any CPU = Debug|Any CPU
		Release|Any CPU = Release|Any CPU
	EndGlobalSection
	GlobalSection(ProjectConfigurationPlatforms) = postSolution
		{PROJECT1_GUID}.Debug|Any CPU.ActiveCfg = Debug|Any CPU
		{PROJECT1_GUID}.Debug|Any CPU.BuildCfg = Debug|Any CPU
		{PROJECT1_GUID}.Release|Any CPU.ActiveCfg = Release|Any CPU
		{PROJECT1_GUID}.Release|Any CPU.BuildCfg = Release|Any CPU
	EndGlobalSection
	GlobalSection(SolutionProperties) = preSolution
		HideSolutionNode = FALSE
	EndGlobalSection
	GlobalSection(ExtensibilityGlobals) = postSolution
		SolutionGuid = {SOLUTION_GUID}
	EndGlobalSection
EndGlobal
